// !$*UTF8*$!
{
	archiveVersion = 1;
	classes = {
	};
	objectVersion = 56;
	objects = {

/* Begin PBXBuildFile section */
		F614A5352947D8FD0053DEF8 /* AppDelegate.swift in Sources */ = {isa = PBXBuildFile; fileRef = F614A5342947D8FD0053DEF8 /* AppDelegate.swift */; };
		F614A5372947D8FD0053DEF8 /* SceneDelegate.swift in Sources */ = {isa = PBXBuildFile; fileRef = F614A5362947D8FD0053DEF8 /* SceneDelegate.swift */; };
		F614A5392947D8FD0053DEF8 /* ViewController.swift in Sources */ = {isa = PBXBuildFile; fileRef = F614A5382947D8FD0053DEF8 /* ViewController.swift */; };
		F614A53C2947D8FD0053DEF8 /* Main.storyboard in Resources */ = {isa = PBXBuildFile; fileRef = F614A53A2947D8FD0053DEF8 /* Main.storyboard */; };
		F614A53E2947D8FE0053DEF8 /* Assets.xcassets in Resources */ = {isa = PBXBuildFile; fileRef = F614A53D2947D8FE0053DEF8 /* Assets.xcassets */; };
		F614A5412947D8FE0053DEF8 /* LaunchScreen.storyboard in Resources */ = {isa = PBXBuildFile; fileRef = F614A53F2947D8FE0053DEF8 /* LaunchScreen.storyboard */; };
		F614A54C2947D8FE0053DEF8 /* BMI_Tracker_AppTests.swift in Sources */ = {isa = PBXBuildFile; fileRef = F614A54B2947D8FE0053DEF8 /* BMI_Tracker_AppTests.swift */; };
		F614A5562947D8FE0053DEF8 /* BMI_Tracker_AppUITests.swift in Sources */ = {isa = PBXBuildFile; fileRef = F614A5552947D8FE0053DEF8 /* BMI_Tracker_AppUITests.swift */; };
		F614A5582947D8FE0053DEF8 /* BMI_Tracker_AppUITestsLaunchTests.swift in Sources */ = {isa = PBXBuildFile; fileRef = F614A5572947D8FE0053DEF8 /* BMI_Tracker_AppUITestsLaunchTests.swift */; };
		F614A5662947E2FE0053DEF8 /* SwichtViewModifier.swift in Sources */ = {isa = PBXBuildFile; fileRef = F614A5652947E2FE0053DEF8 /* SwichtViewModifier.swift */; };
		F662176A29490014002FBD59 /* BmiData.swift in Sources */ = {isa = PBXBuildFile; fileRef = F662176929490014002FBD59 /* BmiData.swift */; };
		F662176C294902D3002FBD59 /* BmiDataSource.swift in Sources */ = {isa = PBXBuildFile; fileRef = F662176B294902D3002FBD59 /* BmiDataSource.swift */; };
		F662176E294916A7002FBD59 /* DateModifier.swift in Sources */ = {isa = PBXBuildFile; fileRef = F662176D294916A7002FBD59 /* DateModifier.swift */; };
		F6ADA79129484DC50021207D /* NumberCheckOnString.swift in Sources */ = {isa = PBXBuildFile; fileRef = F6ADA79029484DC50021207D /* NumberCheckOnString.swift */; };
		F6ADA79429485E710021207D /* BMICalculator.swift in Sources */ = {isa = PBXBuildFile; fileRef = F6ADA79329485E710021207D /* BMICalculator.swift */; };
		F6ADA7972948635D0021207D /* BMICalculaotrError.swift in Sources */ = {isa = PBXBuildFile; fileRef = F6ADA7962948635D0021207D /* BMICalculaotrError.swift */; };
		F6ADA79D2948F4DB0021207D /* BmiTableCell.swift in Sources */ = {isa = PBXBuildFile; fileRef = F6ADA79B2948F4DB0021207D /* BmiTableCell.swift */; };
		F6ADA79E2948F4DB0021207D /* BmiTableCell.xib in Resources */ = {isa = PBXBuildFile; fileRef = F6ADA79C2948F4DB0021207D /* BmiTableCell.xib */; };
		F6ADA7A02948F5D70021207D /* BmiListViewController.swift in Sources */ = {isa = PBXBuildFile; fileRef = F6ADA79F2948F5D70021207D /* BmiListViewController.swift */; };
		F6AE6C1D29482742004F86CF /* RadioButton.swift in Sources */ = {isa = PBXBuildFile; fileRef = F6AE6C1C29482742004F86CF /* RadioButton.swift */; };
		F6AE6C1F2948296E004F86CF /* UIButtonAsRadioButton.swift in Sources */ = {isa = PBXBuildFile; fileRef = F6AE6C1E2948296E004F86CF /* UIButtonAsRadioButton.swift */; };
		F6AE6C212948320B004F86CF /* RadioGroup.swift in Sources */ = {isa = PBXBuildFile; fileRef = F6AE6C202948320B004F86CF /* RadioGroup.swift */; };
/* End PBXBuildFile section */

/* Begin PBXContainerItemProxy section */
		F614A5482947D8FE0053DEF8 /* PBXContainerItemProxy */ = {
			isa = PBXContainerItemProxy;
			containerPortal = F614A5292947D8FD0053DEF8 /* Project object */;
			proxyType = 1;
			remoteGlobalIDString = F614A5302947D8FD0053DEF8;
			remoteInfo = "BMI-Tracker-App";
		};
		F614A5522947D8FE0053DEF8 /* PBXContainerItemProxy */ = {
			isa = PBXContainerItemProxy;
			containerPortal = F614A5292947D8FD0053DEF8 /* Project object */;
			proxyType = 1;
			remoteGlobalIDString = F614A5302947D8FD0053DEF8;
			remoteInfo = "BMI-Tracker-App";
		};
/* End PBXContainerItemProxy section */

/* Begin PBXFileReference section */
		F614A5312947D8FD0053DEF8 /* BMI-Tracker-App.app */ = {isa = PBXFileReference; explicitFileType = wrapper.application; includeInIndex = 0; path = "BMI-Tracker-App.app"; sourceTree = BUILT_PRODUCTS_DIR; };
		F614A5342947D8FD0053DEF8 /* AppDelegate.swift */ = {isa = PBXFileReference; lastKnownFileType = sourcecode.swift; path = AppDelegate.swift; sourceTree = "<group>"; };
		F614A5362947D8FD0053DEF8 /* SceneDelegate.swift */ = {isa = PBXFileReference; lastKnownFileType = sourcecode.swift; path = SceneDelegate.swift; sourceTree = "<group>"; };
		F614A5382947D8FD0053DEF8 /* ViewController.swift */ = {isa = PBXFileReference; lastKnownFileType = sourcecode.swift; path = ViewController.swift; sourceTree = "<group>"; };
		F614A53B2947D8FD0053DEF8 /* Base */ = {isa = PBXFileReference; lastKnownFileType = file.storyboard; name = Base; path = Base.lproj/Main.storyboard; sourceTree = "<group>"; };
		F614A53D2947D8FE0053DEF8 /* Assets.xcassets */ = {isa = PBXFileReference; lastKnownFileType = folder.assetcatalog; path = Assets.xcassets; sourceTree = "<group>"; };
		F614A5402947D8FE0053DEF8 /* Base */ = {isa = PBXFileReference; lastKnownFileType = file.storyboard; name = Base; path = Base.lproj/LaunchScreen.storyboard; sourceTree = "<group>"; };
		F614A5422947D8FE0053DEF8 /* Info.plist */ = {isa = PBXFileReference; lastKnownFileType = text.plist.xml; path = Info.plist; sourceTree = "<group>"; };
		F614A5472947D8FE0053DEF8 /* BMI-Tracker-AppTests.xctest */ = {isa = PBXFileReference; explicitFileType = wrapper.cfbundle; includeInIndex = 0; path = "BMI-Tracker-AppTests.xctest"; sourceTree = BUILT_PRODUCTS_DIR; };
		F614A54B2947D8FE0053DEF8 /* BMI_Tracker_AppTests.swift */ = {isa = PBXFileReference; lastKnownFileType = sourcecode.swift; path = BMI_Tracker_AppTests.swift; sourceTree = "<group>"; };
		F614A5512947D8FE0053DEF8 /* BMI-Tracker-AppUITests.xctest */ = {isa = PBXFileReference; explicitFileType = wrapper.cfbundle; includeInIndex = 0; path = "BMI-Tracker-AppUITests.xctest"; sourceTree = BUILT_PRODUCTS_DIR; };
		F614A5552947D8FE0053DEF8 /* BMI_Tracker_AppUITests.swift */ = {isa = PBXFileReference; lastKnownFileType = sourcecode.swift; path = BMI_Tracker_AppUITests.swift; sourceTree = "<group>"; };
		F614A5572947D8FE0053DEF8 /* BMI_Tracker_AppUITestsLaunchTests.swift */ = {isa = PBXFileReference; lastKnownFileType = sourcecode.swift; path = BMI_Tracker_AppUITestsLaunchTests.swift; sourceTree = "<group>"; };
		F614A5652947E2FE0053DEF8 /* SwichtViewModifier.swift */ = {isa = PBXFileReference; lastKnownFileType = sourcecode.swift; path = SwichtViewModifier.swift; sourceTree = "<group>"; };
		F662176929490014002FBD59 /* BmiData.swift */ = {isa = PBXFileReference; lastKnownFileType = sourcecode.swift; path = BmiData.swift; sourceTree = "<group>"; };
		F662176B294902D3002FBD59 /* BmiDataSource.swift */ = {isa = PBXFileReference; lastKnownFileType = sourcecode.swift; path = BmiDataSource.swift; sourceTree = "<group>"; };
		F662176D294916A7002FBD59 /* DateModifier.swift */ = {isa = PBXFileReference; lastKnownFileType = sourcecode.swift; path = DateModifier.swift; sourceTree = "<group>"; };
		F6ADA79029484DC50021207D /* NumberCheckOnString.swift */ = {isa = PBXFileReference; lastKnownFileType = sourcecode.swift; path = NumberCheckOnString.swift; sourceTree = "<group>"; };
		F6ADA79329485E710021207D /* BMICalculator.swift */ = {isa = PBXFileReference; lastKnownFileType = sourcecode.swift; path = BMICalculator.swift; sourceTree = "<group>"; };
		F6ADA7962948635D0021207D /* BMICalculaotrError.swift */ = {isa = PBXFileReference; lastKnownFileType = sourcecode.swift; path = BMICalculaotrError.swift; sourceTree = "<group>"; };
		F6ADA79B2948F4DB0021207D /* BmiTableCell.swift */ = {isa = PBXFileReference; lastKnownFileType = sourcecode.swift; path = BmiTableCell.swift; sourceTree = "<group>"; };
		F6ADA79C2948F4DB0021207D /* BmiTableCell.xib */ = {isa = PBXFileReference; lastKnownFileType = file.xib; path = BmiTableCell.xib; sourceTree = "<group>"; };
		F6ADA79F2948F5D70021207D /* BmiListViewController.swift */ = {isa = PBXFileReference; lastKnownFileType = sourcecode.swift; path = BmiListViewController.swift; sourceTree = "<group>"; };
		F6AE6C1C29482742004F86CF /* RadioButton.swift */ = {isa = PBXFileReference; lastKnownFileType = sourcecode.swift; path = RadioButton.swift; sourceTree = "<group>"; };
		F6AE6C1E2948296E004F86CF /* UIButtonAsRadioButton.swift */ = {isa = PBXFileReference; lastKnownFileType = sourcecode.swift; path = UIButtonAsRadioButton.swift; sourceTree = "<group>"; };
		F6AE6C202948320B004F86CF /* RadioGroup.swift */ = {isa = PBXFileReference; lastKnownFileType = sourcecode.swift; path = RadioGroup.swift; sourceTree = "<group>"; };
/* End PBXFileReference section */

/* Begin PBXFrameworksBuildPhase section */
		F614A52E2947D8FD0053DEF8 /* Frameworks */ = {
			isa = PBXFrameworksBuildPhase;
			buildActionMask = 2147483647;
			files = (
			);
			runOnlyForDeploymentPostprocessing = 0;
		};
		F614A5442947D8FE0053DEF8 /* Frameworks */ = {
			isa = PBXFrameworksBuildPhase;
			buildActionMask = 2147483647;
			files = (
			);
			runOnlyForDeploymentPostprocessing = 0;
		};
		F614A54E2947D8FE0053DEF8 /* Frameworks */ = {
			isa = PBXFrameworksBuildPhase;
			buildActionMask = 2147483647;
			files = (
			);
			runOnlyForDeploymentPostprocessing = 0;
		};
/* End PBXFrameworksBuildPhase section */

/* Begin PBXGroup section */
		F614A5282947D8FD0053DEF8 = {
			isa = PBXGroup;
			children = (
				F614A5332947D8FD0053DEF8 /* BMI-Tracker-App */,
				F614A54A2947D8FE0053DEF8 /* BMI-Tracker-AppTests */,
				F614A5542947D8FE0053DEF8 /* BMI-Tracker-AppUITests */,
				F614A5322947D8FD0053DEF8 /* Products */,
			);
			sourceTree = "<group>";
		};
		F614A5322947D8FD0053DEF8 /* Products */ = {
			isa = PBXGroup;
			children = (
				F614A5312947D8FD0053DEF8 /* BMI-Tracker-App.app */,
				F614A5472947D8FE0053DEF8 /* BMI-Tracker-AppTests.xctest */,
				F614A5512947D8FE0053DEF8 /* BMI-Tracker-AppUITests.xctest */,
			);
			name = Products;
			sourceTree = "<group>";
		};
		F614A5332947D8FD0053DEF8 /* BMI-Tracker-App */ = {
			isa = PBXGroup;
			children = (
				F66217682948FFEA002FBD59 /* DataModels */,
				F6ADA79A2948F4A50021207D /* TableView */,
				F6ADA795294863220021207D /* ErrorHandling */,
				F6ADA79229485E550021207D /* HelperClasses */,
				F6AE6C1B29482725004F86CF /* CustomComponents */,
				F614A5642947E2DB0053DEF8 /* Extensions */,
				F614A5342947D8FD0053DEF8 /* AppDelegate.swift */,
				F614A5362947D8FD0053DEF8 /* SceneDelegate.swift */,
				F614A5382947D8FD0053DEF8 /* ViewController.swift */,
				F6ADA79F2948F5D70021207D /* BmiListViewController.swift */,
				F614A53A2947D8FD0053DEF8 /* Main.storyboard */,
				F614A53D2947D8FE0053DEF8 /* Assets.xcassets */,
				F614A53F2947D8FE0053DEF8 /* LaunchScreen.storyboard */,
				F614A5422947D8FE0053DEF8 /* Info.plist */,
			);
			path = "BMI-Tracker-App";
			sourceTree = "<group>";
		};
		F614A54A2947D8FE0053DEF8 /* BMI-Tracker-AppTests */ = {
			isa = PBXGroup;
			children = (
				F614A54B2947D8FE0053DEF8 /* BMI_Tracker_AppTests.swift */,
			);
			path = "BMI-Tracker-AppTests";
			sourceTree = "<group>";
		};
		F614A5542947D8FE0053DEF8 /* BMI-Tracker-AppUITests */ = {
			isa = PBXGroup;
			children = (
				F614A5552947D8FE0053DEF8 /* BMI_Tracker_AppUITests.swift */,
				F614A5572947D8FE0053DEF8 /* BMI_Tracker_AppUITestsLaunchTests.swift */,
			);
			path = "BMI-Tracker-AppUITests";
			sourceTree = "<group>";
		};
		F614A5642947E2DB0053DEF8 /* Extensions */ = {
			isa = PBXGroup;
			children = (
				F614A5652947E2FE0053DEF8 /* SwichtViewModifier.swift */,
				F6AE6C1E2948296E004F86CF /* UIButtonAsRadioButton.swift */,
				F6ADA79029484DC50021207D /* NumberCheckOnString.swift */,
				F662176D294916A7002FBD59 /* DateModifier.swift */,
			);
			path = Extensions;
			sourceTree = "<group>";
		};
		F66217682948FFEA002FBD59 /* DataModels */ = {
			isa = PBXGroup;
			children = (
				F662176929490014002FBD59 /* BmiData.swift */,
				F662176B294902D3002FBD59 /* BmiDataSource.swift */,
			);
			path = DataModels;
			sourceTree = "<group>";
		};
		F6ADA79229485E550021207D /* HelperClasses */ = {
			isa = PBXGroup;
			children = (
				F6ADA79329485E710021207D /* BMICalculator.swift */,
			);
			path = HelperClasses;
			sourceTree = "<group>";
		};
		F6ADA795294863220021207D /* ErrorHandling */ = {
			isa = PBXGroup;
			children = (
				F6ADA7962948635D0021207D /* BMICalculaotrError.swift */,
			);
			path = ErrorHandling;
			sourceTree = "<group>";
		};
		F6ADA79A2948F4A50021207D /* TableView */ = {
			isa = PBXGroup;
			children = (
				F6ADA79B2948F4DB0021207D /* BmiTableCell.swift */,
				F6ADA79C2948F4DB0021207D /* BmiTableCell.xib */,
			);
			path = TableView;
			sourceTree = "<group>";
		};
		F6AE6C1B29482725004F86CF /* CustomComponents */ = {
			isa = PBXGroup;
			children = (
				F6AE6C1C29482742004F86CF /* RadioButton.swift */,
				F6AE6C202948320B004F86CF /* RadioGroup.swift */,
			);
			path = CustomComponents;
			sourceTree = "<group>";
		};
/* End PBXGroup section */

/* Begin PBXNativeTarget section */
		F614A5302947D8FD0053DEF8 /* BMI-Tracker-App */ = {
			isa = PBXNativeTarget;
			buildConfigurationList = F614A55B2947D8FE0053DEF8 /* Build configuration list for PBXNativeTarget "BMI-Tracker-App" */;
			buildPhases = (
				F614A52D2947D8FD0053DEF8 /* Sources */,
				F614A52E2947D8FD0053DEF8 /* Frameworks */,
				F614A52F2947D8FD0053DEF8 /* Resources */,
			);
			buildRules = (
			);
			dependencies = (
			);
			name = "BMI-Tracker-App";
			productName = "BMI-Tracker-App";
			productReference = F614A5312947D8FD0053DEF8 /* BMI-Tracker-App.app */;
			productType = "com.apple.product-type.application";
		};
		F614A5462947D8FE0053DEF8 /* BMI-Tracker-AppTests */ = {
			isa = PBXNativeTarget;
			buildConfigurationList = F614A55E2947D8FE0053DEF8 /* Build configuration list for PBXNativeTarget "BMI-Tracker-AppTests" */;
			buildPhases = (
				F614A5432947D8FE0053DEF8 /* Sources */,
				F614A5442947D8FE0053DEF8 /* Frameworks */,
				F614A5452947D8FE0053DEF8 /* Resources */,
			);
			buildRules = (
			);
			dependencies = (
				F614A5492947D8FE0053DEF8 /* PBXTargetDependency */,
			);
			name = "BMI-Tracker-AppTests";
			productName = "BMI-Tracker-AppTests";
			productReference = F614A5472947D8FE0053DEF8 /* BMI-Tracker-AppTests.xctest */;
			productType = "com.apple.product-type.bundle.unit-test";
		};
		F614A5502947D8FE0053DEF8 /* BMI-Tracker-AppUITests */ = {
			isa = PBXNativeTarget;
			buildConfigurationList = F614A5612947D8FE0053DEF8 /* Build configuration list for PBXNativeTarget "BMI-Tracker-AppUITests" */;
			buildPhases = (
				F614A54D2947D8FE0053DEF8 /* Sources */,
				F614A54E2947D8FE0053DEF8 /* Frameworks */,
				F614A54F2947D8FE0053DEF8 /* Resources */,
			);
			buildRules = (
			);
			dependencies = (
				F614A5532947D8FE0053DEF8 /* PBXTargetDependency */,
			);
			name = "BMI-Tracker-AppUITests";
			productName = "BMI-Tracker-AppUITests";
			productReference = F614A5512947D8FE0053DEF8 /* BMI-Tracker-AppUITests.xctest */;
			productType = "com.apple.product-type.bundle.ui-testing";
		};
/* End PBXNativeTarget section */

/* Begin PBXProject section */
		F614A5292947D8FD0053DEF8 /* Project object */ = {
			isa = PBXProject;
			attributes = {
				BuildIndependentTargetsInParallel = 1;
				LastSwiftUpdateCheck = 1410;
				LastUpgradeCheck = 1410;
				TargetAttributes = {
					F614A5302947D8FD0053DEF8 = {
						CreatedOnToolsVersion = 14.1;
					};
					F614A5462947D8FE0053DEF8 = {
						CreatedOnToolsVersion = 14.1;
						TestTargetID = F614A5302947D8FD0053DEF8;
					};
					F614A5502947D8FE0053DEF8 = {
						CreatedOnToolsVersion = 14.1;
						TestTargetID = F614A5302947D8FD0053DEF8;
					};
				};
			};
			buildConfigurationList = F614A52C2947D8FD0053DEF8 /* Build configuration list for PBXProject "BMI-Tracker-App" */;
			compatibilityVersion = "Xcode 14.0";
			developmentRegion = en;
			hasScannedForEncodings = 0;
			knownRegions = (
				en,
				Base,
			);
			mainGroup = F614A5282947D8FD0053DEF8;
			productRefGroup = F614A5322947D8FD0053DEF8 /* Products */;
			projectDirPath = "";
			projectRoot = "";
			targets = (
				F614A5302947D8FD0053DEF8 /* BMI-Tracker-App */,
				F614A5462947D8FE0053DEF8 /* BMI-Tracker-AppTests */,
				F614A5502947D8FE0053DEF8 /* BMI-Tracker-AppUITests */,
			);
		};
/* End PBXProject section */

/* Begin PBXResourcesBuildPhase section */
		F614A52F2947D8FD0053DEF8 /* Resources */ = {
			isa = PBXResourcesBuildPhase;
			buildActionMask = 2147483647;
			files = (
				F614A5412947D8FE0053DEF8 /* LaunchScreen.storyboard in Resources */,
				F6ADA79E2948F4DB0021207D /* BmiTableCell.xib in Resources */,
				F614A53E2947D8FE0053DEF8 /* Assets.xcassets in Resources */,
				F614A53C2947D8FD0053DEF8 /* Main.storyboard in Resources */,
			);
			runOnlyForDeploymentPostprocessing = 0;
		};
		F614A5452947D8FE0053DEF8 /* Resources */ = {
			isa = PBXResourcesBuildPhase;
			buildActionMask = 2147483647;
			files = (
			);
			runOnlyForDeploymentPostprocessing = 0;
		};
		F614A54F2947D8FE0053DEF8 /* Resources */ = {
			isa = PBXResourcesBuildPhase;
			buildActionMask = 2147483647;
			files = (
			);
			runOnlyForDeploymentPostprocessing = 0;
		};
/* End PBXResourcesBuildPhase section */

/* Begin PBXSourcesBuildPhase section */
		F614A52D2947D8FD0053DEF8 /* Sources */ = {
			isa = PBXSourcesBuildPhase;
			buildActionMask = 2147483647;
			files = (
				F614A5392947D8FD0053DEF8 /* ViewController.swift in Sources */,
				F662176E294916A7002FBD59 /* DateModifier.swift in Sources */,
				F662176C294902D3002FBD59 /* BmiDataSource.swift in Sources */,
				F614A5352947D8FD0053DEF8 /* AppDelegate.swift in Sources */,
				F6AE6C1D29482742004F86CF /* RadioButton.swift in Sources */,
				F6ADA7972948635D0021207D /* BMICalculaotrError.swift in Sources */,
				F6AE6C1F2948296E004F86CF /* UIButtonAsRadioButton.swift in Sources */,
				F6ADA7A02948F5D70021207D /* BmiListViewController.swift in Sources */,
				F662176A29490014002FBD59 /* BmiData.swift in Sources */,
				F6ADA79429485E710021207D /* BMICalculator.swift in Sources */,
				F6AE6C212948320B004F86CF /* RadioGroup.swift in Sources */,
				F614A5372947D8FD0053DEF8 /* SceneDelegate.swift in Sources */,
				F614A5662947E2FE0053DEF8 /* SwichtViewModifier.swift in Sources */,
				F6ADA79D2948F4DB0021207D /* BmiTableCell.swift in Sources */,
				F6ADA79129484DC50021207D /* NumberCheckOnString.swift in Sources */,
			);
			runOnlyForDeploymentPostprocessing = 0;
		};
		F614A5432947D8FE0053DEF8 /* Sources */ = {
			isa = PBXSourcesBuildPhase;
			buildActionMask = 2147483647;
			files = (
				F614A54C2947D8FE0053DEF8 /* BMI_Tracker_AppTests.swift in Sources */,
			);
			runOnlyForDeploymentPostprocessing = 0;
		};
		F614A54D2947D8FE0053DEF8 /* Sources */ = {
			isa = PBXSourcesBuildPhase;
			buildActionMask = 2147483647;
			files = (
				F614A5582947D8FE0053DEF8 /* BMI_Tracker_AppUITestsLaunchTests.swift in Sources */,
				F614A5562947D8FE0053DEF8 /* BMI_Tracker_AppUITests.swift in Sources */,
			);
			runOnlyForDeploymentPostprocessing = 0;
		};
/* End PBXSourcesBuildPhase section */

/* Begin PBXTargetDependency section */
		F614A5492947D8FE0053DEF8 /* PBXTargetDependency */ = {
			isa = PBXTargetDependency;
			target = F614A5302947D8FD0053DEF8 /* BMI-Tracker-App */;
			targetProxy = F614A5482947D8FE0053DEF8 /* PBXContainerItemProxy */;
		};
		F614A5532947D8FE0053DEF8 /* PBXTargetDependency */ = {
			isa = PBXTargetDependency;
			target = F614A5302947D8FD0053DEF8 /* BMI-Tracker-App */;
			targetProxy = F614A5522947D8FE0053DEF8 /* PBXContainerItemProxy */;
		};
/* End PBXTargetDependency section */

/* Begin PBXVariantGroup section */
		F614A53A2947D8FD0053DEF8 /* Main.storyboard */ = {
			isa = PBXVariantGroup;
			children = (
				F614A53B2947D8FD0053DEF8 /* Base */,
			);
			name = Main.storyboard;
			sourceTree = "<group>";
		};
		F614A53F2947D8FE0053DEF8 /* LaunchScreen.storyboard */ = {
			isa = PBXVariantGroup;
			children = (
				F614A5402947D8FE0053DEF8 /* Base */,
			);
			name = LaunchScreen.storyboard;
			sourceTree = "<group>";
		};
/* End PBXVariantGroup section */

/* Begin XCBuildConfiguration section */
		F614A5592947D8FE0053DEF8 /* Debug */ = {
			isa = XCBuildConfiguration;
			buildSettings = {
				ALWAYS_SEARCH_USER_PATHS = NO;
				CLANG_ANALYZER_NONNULL = YES;
				CLANG_ANALYZER_NUMBER_OBJECT_CONVERSION = YES_AGGRESSIVE;
				CLANG_CXX_LANGUAGE_STANDARD = "gnu++20";
				CLANG_ENABLE_MODULES = YES;
				CLANG_ENABLE_OBJC_ARC = YES;
				CLANG_ENABLE_OBJC_WEAK = YES;
				CLANG_WARN_BLOCK_CAPTURE_AUTORELEASING = YES;
				CLANG_WARN_BOOL_CONVERSION = YES;
				CLANG_WARN_COMMA = YES;
				CLANG_WARN_CONSTANT_CONVERSION = YES;
				CLANG_WARN_DEPRECATED_OBJC_IMPLEMENTATIONS = YES;
				CLANG_WARN_DIRECT_OBJC_ISA_USAGE = YES_ERROR;
				CLANG_WARN_DOCUMENTATION_COMMENTS = YES;
				CLANG_WARN_EMPTY_BODY = YES;
				CLANG_WARN_ENUM_CONVERSION = YES;
				CLANG_WARN_INFINITE_RECURSION = YES;
				CLANG_WARN_INT_CONVERSION = YES;
				CLANG_WARN_NON_LITERAL_NULL_CONVERSION = YES;
				CLANG_WARN_OBJC_IMPLICIT_RETAIN_SELF = YES;
				CLANG_WARN_OBJC_LITERAL_CONVERSION = YES;
				CLANG_WARN_OBJC_ROOT_CLASS = YES_ERROR;
				CLANG_WARN_QUOTED_INCLUDE_IN_FRAMEWORK_HEADER = YES;
				CLANG_WARN_RANGE_LOOP_ANALYSIS = YES;
				CLANG_WARN_STRICT_PROTOTYPES = YES;
				CLANG_WARN_SUSPICIOUS_MOVE = YES;
				CLANG_WARN_UNGUARDED_AVAILABILITY = YES_AGGRESSIVE;
				CLANG_WARN_UNREACHABLE_CODE = YES;
				CLANG_WARN__DUPLICATE_METHOD_MATCH = YES;
				COPY_PHASE_STRIP = NO;
				DEBUG_INFORMATION_FORMAT = dwarf;
				ENABLE_STRICT_OBJC_MSGSEND = YES;
				ENABLE_TESTABILITY = YES;
				GCC_C_LANGUAGE_STANDARD = gnu11;
				GCC_DYNAMIC_NO_PIC = NO;
				GCC_NO_COMMON_BLOCKS = YES;
				GCC_OPTIMIZATION_LEVEL = 0;
				GCC_PREPROCESSOR_DEFINITIONS = (
					"DEBUG=1",
					"$(inherited)",
				);
				GCC_WARN_64_TO_32_BIT_CONVERSION = YES;
				GCC_WARN_ABOUT_RETURN_TYPE = YES_ERROR;
				GCC_WARN_UNDECLARED_SELECTOR = YES;
				GCC_WARN_UNINITIALIZED_AUTOS = YES_AGGRESSIVE;
				GCC_WARN_UNUSED_FUNCTION = YES;
				GCC_WARN_UNUSED_VARIABLE = YES;
				IPHONEOS_DEPLOYMENT_TARGET = 16.1;
				MTL_ENABLE_DEBUG_INFO = INCLUDE_SOURCE;
				MTL_FAST_MATH = YES;
				ONLY_ACTIVE_ARCH = YES;
				SDKROOT = iphoneos;
				SWIFT_ACTIVE_COMPILATION_CONDITIONS = DEBUG;
				SWIFT_OPTIMIZATION_LEVEL = "-Onone";
			};
			name = Debug;
		};
		F614A55A2947D8FE0053DEF8 /* Release */ = {
			isa = XCBuildConfiguration;
			buildSettings = {
				ALWAYS_SEARCH_USER_PATHS = NO;
				CLANG_ANALYZER_NONNULL = YES;
				CLANG_ANALYZER_NUMBER_OBJECT_CONVERSION = YES_AGGRESSIVE;
				CLANG_CXX_LANGUAGE_STANDARD = "gnu++20";
				CLANG_ENABLE_MODULES = YES;
				CLANG_ENABLE_OBJC_ARC = YES;
				CLANG_ENABLE_OBJC_WEAK = YES;
				CLANG_WARN_BLOCK_CAPTURE_AUTORELEASING = YES;
				CLANG_WARN_BOOL_CONVERSION = YES;
				CLANG_WARN_COMMA = YES;
				CLANG_WARN_CONSTANT_CONVERSION = YES;
				CLANG_WARN_DEPRECATED_OBJC_IMPLEMENTATIONS = YES;
				CLANG_WARN_DIRECT_OBJC_ISA_USAGE = YES_ERROR;
				CLANG_WARN_DOCUMENTATION_COMMENTS = YES;
				CLANG_WARN_EMPTY_BODY = YES;
				CLANG_WARN_ENUM_CONVERSION = YES;
				CLANG_WARN_INFINITE_RECURSION = YES;
				CLANG_WARN_INT_CONVERSION = YES;
				CLANG_WARN_NON_LITERAL_NULL_CONVERSION = YES;
				CLANG_WARN_OBJC_IMPLICIT_RETAIN_SELF = YES;
				CLANG_WARN_OBJC_LITERAL_CONVERSION = YES;
				CLANG_WARN_OBJC_ROOT_CLASS = YES_ERROR;
				CLANG_WARN_QUOTED_INCLUDE_IN_FRAMEWORK_HEADER = YES;
				CLANG_WARN_RANGE_LOOP_ANALYSIS = YES;
				CLANG_WARN_STRICT_PROTOTYPES = YES;
				CLANG_WARN_SUSPICIOUS_MOVE = YES;
				CLANG_WARN_UNGUARDED_AVAILABILITY = YES_AGGRESSIVE;
				CLANG_WARN_UNREACHABLE_CODE = YES;
				CLANG_WARN__DUPLICATE_METHOD_MATCH = YES;
				COPY_PHASE_STRIP = NO;
				DEBUG_INFORMATION_FORMAT = "dwarf-with-dsym";
				ENABLE_NS_ASSERTIONS = NO;
				ENABLE_STRICT_OBJC_MSGSEND = YES;
				GCC_C_LANGUAGE_STANDARD = gnu11;
				GCC_NO_COMMON_BLOCKS = YES;
				GCC_WARN_64_TO_32_BIT_CONVERSION = YES;
				GCC_WARN_ABOUT_RETURN_TYPE = YES_ERROR;
				GCC_WARN_UNDECLARED_SELECTOR = YES;
				GCC_WARN_UNINITIALIZED_AUTOS = YES_AGGRESSIVE;
				GCC_WARN_UNUSED_FUNCTION = YES;
				GCC_WARN_UNUSED_VARIABLE = YES;
				IPHONEOS_DEPLOYMENT_TARGET = 16.1;
				MTL_ENABLE_DEBUG_INFO = NO;
				MTL_FAST_MATH = YES;
				SDKROOT = iphoneos;
				SWIFT_COMPILATION_MODE = wholemodule;
				SWIFT_OPTIMIZATION_LEVEL = "-O";
				VALIDATE_PRODUCT = YES;
			};
			name = Release;
		};
		F614A55C2947D8FE0053DEF8 /* Debug */ = {
			isa = XCBuildConfiguration;
			buildSettings = {
				ASSETCATALOG_COMPILER_APPICON_NAME = AppIcon;
				ASSETCATALOG_COMPILER_GLOBAL_ACCENT_COLOR_NAME = AccentColor;
				CODE_SIGN_STYLE = Automatic;
				CURRENT_PROJECT_VERSION = 1;
				GENERATE_INFOPLIST_FILE = YES;
				INFOPLIST_FILE = "BMI-Tracker-App/Info.plist";
				INFOPLIST_KEY_LSApplicationCategoryType = "public.app-category.healthcare-fitness";
				INFOPLIST_KEY_UIApplicationSupportsIndirectInputEvents = YES;
				INFOPLIST_KEY_UILaunchStoryboardName = LaunchScreen;
				INFOPLIST_KEY_UIMainStoryboardFile = Main;
				INFOPLIST_KEY_UISupportedInterfaceOrientations_iPad = "UIInterfaceOrientationPortrait UIInterfaceOrientationPortraitUpsideDown UIInterfaceOrientationLandscapeLeft UIInterfaceOrientationLandscapeRight";
				INFOPLIST_KEY_UISupportedInterfaceOrientations_iPhone = "UIInterfaceOrientationPortrait UIInterfaceOrientationLandscapeLeft UIInterfaceOrientationLandscapeRight";
				IPHONEOS_DEPLOYMENT_TARGET = 14.1;
				LD_RUNPATH_SEARCH_PATHS = (
					"$(inherited)",
					"@executable_path/Frameworks",
				);
				MARKETING_VERSION = 1.0;
				PRODUCT_BUNDLE_IDENTIFIER = "ca.centennialcollege.BMI-Tracker-App";
				PRODUCT_NAME = "$(TARGET_NAME)";
				SWIFT_EMIT_LOC_STRINGS = YES;
				SWIFT_VERSION = 5.0;
				TARGETED_DEVICE_FAMILY = "1,2";
			};
			name = Debug;
		};
		F614A55D2947D8FE0053DEF8 /* Release */ = {
			isa = XCBuildConfiguration;
			buildSettings = {
				ASSETCATALOG_COMPILER_APPICON_NAME = AppIcon;
				ASSETCATALOG_COMPILER_GLOBAL_ACCENT_COLOR_NAME = AccentColor;
				CODE_SIGN_STYLE = Automatic;
				CURRENT_PROJECT_VERSION = 1;
				GENERATE_INFOPLIST_FILE = YES;
				INFOPLIST_FILE = "BMI-Tracker-App/Info.plist";
				INFOPLIST_KEY_LSApplicationCategoryType = "public.app-category.healthcare-fitness";
				INFOPLIST_KEY_UIApplicationSupportsIndirectInputEvents = YES;
				INFOPLIST_KEY_UILaunchStoryboardName = LaunchScreen;
				INFOPLIST_KEY_UIMainStoryboardFile = Main;
				INFOPLIST_KEY_UISupportedInterfaceOrientations_iPad = "UIInterfaceOrientationPortrait UIInterfaceOrientationPortraitUpsideDown UIInterfaceOrientationLandscapeLeft UIInterfaceOrientationLandscapeRight";
				INFOPLIST_KEY_UISupportedInterfaceOrientations_iPhone = "UIInterfaceOrientationPortrait UIInterfaceOrientationLandscapeLeft UIInterfaceOrientationLandscapeRight";
				IPHONEOS_DEPLOYMENT_TARGET = 14.1;
				LD_RUNPATH_SEARCH_PATHS = (
					"$(inherited)",
					"@executable_path/Frameworks",
				);
				MARKETING_VERSION = 1.0;
				PRODUCT_BUNDLE_IDENTIFIER = "ca.centennialcollege.BMI-Tracker-App";
				PRODUCT_NAME = "$(TARGET_NAME)";
				SWIFT_EMIT_LOC_STRINGS = YES;
				SWIFT_VERSION = 5.0;
				TARGETED_DEVICE_FAMILY = "1,2";
			};
			name = Release;
		};
		F614A55F2947D8FE0053DEF8 /* Debug */ = {
			isa = XCBuildConfiguration;
			buildSettings = {
				ALWAYS_EMBED_SWIFT_STANDARD_LIBRARIES = YES;
				BUNDLE_LOADER = "$(TEST_HOST)";
				CODE_SIGN_STYLE = Automatic;
				CURRENT_PROJECT_VERSION = 1;
				GENERATE_INFOPLIST_FILE = YES;
				IPHONEOS_DEPLOYMENT_TARGET = 16.1;
				MARKETING_VERSION = 1.0;
				PRODUCT_BUNDLE_IDENTIFIER = "ca.centennialcollege.BMI-Tracker-AppTests";
				PRODUCT_NAME = "$(TARGET_NAME)";
				SWIFT_EMIT_LOC_STRINGS = NO;
				SWIFT_VERSION = 5.0;
				TARGETED_DEVICE_FAMILY = "1,2";
				TEST_HOST = "$(BUILT_PRODUCTS_DIR)/BMI-Tracker-App.app/$(BUNDLE_EXECUTABLE_FOLDER_PATH)/BMI-Tracker-App";
			};
			name = Debug;
		};
		F614A5602947D8FE0053DEF8 /* Release */ = {
			isa = XCBuildConfiguration;
			buildSettings = {
				ALWAYS_EMBED_SWIFT_STANDARD_LIBRARIES = YES;
				BUNDLE_LOADER = "$(TEST_HOST)";
				CODE_SIGN_STYLE = Automatic;
				CURRENT_PROJECT_VERSION = 1;
				GENERATE_INFOPLIST_FILE = YES;
				IPHONEOS_DEPLOYMENT_TARGET = 16.1;
				MARKETING_VERSION = 1.0;
				PRODUCT_BUNDLE_IDENTIFIER = "ca.centennialcollege.BMI-Tracker-AppTests";
				PRODUCT_NAME = "$(TARGET_NAME)";
				SWIFT_EMIT_LOC_STRINGS = NO;
				SWIFT_VERSION = 5.0;
				TARGETED_DEVICE_FAMILY = "1,2";
				TEST_HOST = "$(BUILT_PRODUCTS_DIR)/BMI-Tracker-App.app/$(BUNDLE_EXECUTABLE_FOLDER_PATH)/BMI-Tracker-App";
			};
			name = Release;
		};
		F614A5622947D8FE0053DEF8 /* Debug */ = {
			isa = XCBuildConfiguration;
			buildSettings = {
				ALWAYS_EMBED_SWIFT_STANDARD_LIBRARIES = YES;
				CODE_SIGN_STYLE = Automatic;
				CURRENT_PROJECT_VERSION = 1;
				GENERATE_INFOPLIST_FILE = YES;
				MARKETING_VERSION = 1.0;
				PRODUCT_BUNDLE_IDENTIFIER = "ca.centennialcollege.BMI-Tracker-AppUITests";
				PRODUCT_NAME = "$(TARGET_NAME)";
				SWIFT_EMIT_LOC_STRINGS = NO;
				SWIFT_VERSION = 5.0;
				TARGETED_DEVICE_FAMILY = "1,2";
				TEST_TARGET_NAME = "BMI-Tracker-App";
			};
			name = Debug;
		};
		F614A5632947D8FE0053DEF8 /* Release */ = {
			isa = XCBuildConfiguration;
			buildSettings = {
				ALWAYS_EMBED_SWIFT_STANDARD_LIBRARIES = YES;
				CODE_SIGN_STYLE = Automatic;
				CURRENT_PROJECT_VERSION = 1;
				GENERATE_INFOPLIST_FILE = YES;
				MARKETING_VERSION = 1.0;
				PRODUCT_BUNDLE_IDENTIFIER = "ca.centennialcollege.BMI-Tracker-AppUITests";
				PRODUCT_NAME = "$(TARGET_NAME)";
				SWIFT_EMIT_LOC_STRINGS = NO;
				SWIFT_VERSION = 5.0;
				TARGETED_DEVICE_FAMILY = "1,2";
				TEST_TARGET_NAME = "BMI-Tracker-App";
			};
			name = Release;
		};
/* End XCBuildConfiguration section */

/* Begin XCConfigurationList section */
		F614A52C2947D8FD0053DEF8 /* Build configuration list for PBXProject "BMI-Tracker-App" */ = {
			isa = XCConfigurationList;
			buildConfigurations = (
				F614A5592947D8FE0053DEF8 /* Debug */,
				F614A55A2947D8FE0053DEF8 /* Release */,
			);
			defaultConfigurationIsVisible = 0;
			defaultConfigurationName = Release;
		};
		F614A55B2947D8FE0053DEF8 /* Build configuration list for PBXNativeTarget "BMI-Tracker-App" */ = {
			isa = XCConfigurationList;
			buildConfigurations = (
				F614A55C2947D8FE0053DEF8 /* Debug */,
				F614A55D2947D8FE0053DEF8 /* Release */,
			);
			defaultConfigurationIsVisible = 0;
			defaultConfigurationName = Release;
		};
		F614A55E2947D8FE0053DEF8 /* Build configuration list for PBXNativeTarget "BMI-Tracker-AppTests" */ = {
			isa = XCConfigurationList;
			buildConfigurations = (
				F614A55F2947D8FE0053DEF8 /* Debug */,
				F614A5602947D8FE0053DEF8 /* Release */,
			);
			defaultConfigurationIsVisible = 0;
			defaultConfigurationName = Release;
		};
		F614A5612947D8FE0053DEF8 /* Build configuration list for PBXNativeTarget "BMI-Tracker-AppUITests" */ = {
			isa = XCConfigurationList;
			buildConfigurations = (
				F614A5622947D8FE0053DEF8 /* Debug */,
				F614A5632947D8FE0053DEF8 /* Release */,
			);
			defaultConfigurationIsVisible = 0;
			defaultConfigurationName = Release;
		};
/* End XCConfigurationList section */
	};
	rootObject = F614A5292947D8FD0053DEF8 /* Project object */;
}
